
Microsoft Visual Studio Solution File, Format Version 12.00
# Visual Studio Version 17
VisualStudioVersion = 17.11.35222.181
MinimumVisualStudioVersion = 10.0.40219.1
Project("{9A19103F-16F7-4668-BE54-9A1E7A4F7556}") = "DBCoursework", "DBCoursework\DBCoursework.csproj", "{086069B0-A075-4DDA-B461-40AEEFFB142D}"
EndProject
Project("{2150E333-8FDC-42A3-9474-1A3956D46DE8}") = "Solution Items", "Solution Items", "{52078CD8-E9B7-4E4C-ADE5-8D5BE7F38B21}"
	ProjectSection(SolutionItems) = preProject
		.editorconfig = .editorconfig
	EndProjectSection
EndProject
Global
	GlobalSection(SolutionConfigurationPlatforms) = preSolution
		Debug|Any CPU = Debug|Any CPU
		Release|Any CPU = Release|Any CPU
	EndGlobalSection
	GlobalSection(ProjectConfigurationPlatforms) = postSolution
		{086069B0-A075-4DDA-B461-40AEEFFB142D}.Debug|Any CPU.ActiveCfg = Debug|Any CPU
		{086069B0-A075-4DDA-B461-40AEEFFB142D}.Debug|Any CPU.Build.0 = Debug|Any CPU
		{086069B0-A075-4DDA-B461-40AEEFFB142D}.Release|Any CPU.ActiveCfg = Release|Any CPU
		{086069B0-A075-4DDA-B461-40AEEFFB142D}.Release|Any CPU.Build.0 = Release|Any CPU
	EndGlobalSection
	GlobalSection(SolutionProperties) = preSolution
		HideSolutionNode = FALSE
	EndGlobalSection
	GlobalSection(ExtensibilityGlobals) = postSolution
		SolutionGuid = {1C893B37-E7D7-4EA2-99E4-33C0D85DCD7C}
	EndGlobalSection
EndGlobal
